{
    "_meta": {
        "hash": {
            "sha256": "5bf6b3cb46da68097b57fe67b7b3a7feeac7415042abbd88b2ec8cfc8e2fb8fb"
        },
        "pipfile-spec": 6,
        "requires": {
            "python_version": "3.14"
        },
        "sources": [
            {
                "name": "pypi",
                "url": "https://pypi.org/simple",
                "verify_ssl": true
            }
        ]
    },
    "default": {
        "blinker": {
            "hashes": [
                "sha256:b4ce2265a7abece45e7cc896e98dbebe6cead56bcf805a3d23136d145f5445bf",
                "sha256:ba0efaa9080b619ff2f3459d1d500c57bddea4a6b424b60a91141db6fd2f08bc"
            ],
            "markers": "python_version >= '3.9'",
            "version": "==1.9.0"
        },
        "click": {
            "hashes": [
                "sha256:9a6cea6e60b17ebe0a44c5cc636d94f09bd66142c1cd7d8b4cd731c4917a15f6",
                "sha256:e6f9f66136c816745b9d65817da91d61d957fb16e02e4dcd0552553c5a197b76"
            ],
            "markers": "python_version >= '3.10'",
            "version": "==8.4.2"
        },
        "flask": {
            "hashes": [
                "sha256:0ef0e52b8a9cd932855379197dd8f94047b359ca0a78695144304cb45f87c9eb",
                "sha256:f4bcbefc124291925f1a26446da31a5178f9483862233b23c0c96a20701f670c"
            ],
            "index": "pypi",
            "markers": "python_version >= '3.9'",
            "version": "==3.1.3"
        },
        "gunicorn": {
            "hashes": [
                "sha256:1413d777bf99d31ebeb08acd354b01f1ecc44db0aa7b811ae7b86c669232e4f7",
                "sha256:9f45bcddec5e9dc7a25a3bdccb0c6832f11fd5d4739b1ee36c8d2fec25f1dc86"
            ],
            "index": "pypi",
            "markers": "python_version >= '3.10'",
            "version": "==26.1.0"
        },
        "itsdangerous": {
            "hashes": [
                "sha256:c6242fc49e35958c8b15141343aa660db5fc54d4f13a1db01a3f5891b98700ef",
                "sha256:e0050c0b7da1eea53ffaf149c0cfbb5c6e2e2b69c4bef22c81fa6eb73e5f6173"
            ],
            "markers": "python_version >= '3.8'",
            "version": "==2.2.0"
        },
        "jinja2": {
            "hashes": [
                "sha256:0137fb05990d35f1275a587e9aee6d56da821fc83491a0fb838183be43f66d6d",
                "sha256:85ece4451f492d0c13c5dd7c13a64681a86afae63a5f347908daf103ce6d2f67"
            ],
            "markers": "python_version >= '3.7'",
            "version": "==3.1.6"
        },
        "joblib": {
            "hashes": [
                "sha256:5fc3c5039fc5ca8c0276333a188bbd59d6b7ab37fe6632daa76bc7f9ec18e713",
                "sha256:8561a3269e6801106863fd0d6d84bb737be9e7631e33aaed3fb9ce5953688da3"
            ],
            "markers": "python_version >= '3.9'",
            "version": "==1.5.3"
        },
        "markupsafe": {
            "hashes": [
                "sha256:0303439a41979d9e74d18ff5e2dd8c43ed6c6001fd40e5bf2e43f7bd9bbc523f",
                "sha256:068f375c472b3e7acbe2d5318dea141359e6900156b5b2ba06a30b169086b91a",
                "sha256:0bf2a864d67e76e5c9a34dc26ec616a66b9888e25e7b9460e1c76d3293bd9dbf",
                "sha256:0db14f5dafddbb6d9208827849fad01f1a2609380add406671a26386cdf15a19",
                "sha256:0eb9ff8191e8498cca014656ae6b8d61f39da5f95b488805da4bb029cccbfbaf",
                "sha256:0f4b68347f8c5eab4a13419215bdfd7f8c9b19f2b25520968adfad23eb0ce60c",
                "sha256:1085e7fbddd3be5f89cc898938f42c0b3c711fdcb37d75221de2666af647c175",
                "sha256:116bb52f642a37c115f517494ea5feb03889e04df47eeff5b130b1808ce7c219",
                "sha256:12c63dfb4a98206f045aa9563db46507995f7ef6d83b2f68eda65c307c6829eb",
                "sha256:133a43e73a802c5562be9bbcd03d090aa5a1fe899db609c29e8c8d815c5f6de6",
                "sha256:1353ef0c1b138e1907ae78e2f6c63ff67501122006b0f9abad68fda5f4ffc6ab",
                "sha256:15d939a21d546304880945ca1ecb8a039db6b4dc49b2c5a400387cdae6a62e26",
                "sha256:177b5253b2834fe3678cb4a5f0059808258584c559193998be2601324fdeafb1",
                "sha256:1872df69a4de6aead3491198eaf13810b565bdbeec3ae2dc8780f14458ec73ce",
                "sha256:1b4b79e8ebf6b55351f0d91fe80f893b4743f104bff22e90697db1590e47a218",
                "sha256:1b52b4fb9df4eb9ae465f8d0c228a00624de2334f216f178a995ccdcf82c4634",
                "sha256:1ba88449deb3de88bd40044603fafffb7bc2b055d626a330323a9ed736661695",
                "sha256:1cc7ea17a6824959616c525620e387f6dd30fec8cb44f649e31712db02123dad",
                "sha256:218551f6df4868a8d527e3062d0fb968682fe92054e89978594c28e642c43a73",
                "sha256:26a5784ded40c9e318cfc2bdb30fe164bdb8665ded9cd64d500a34fb42067b1c",
                "sha256:2713baf880df847f2bece4230d4d094280f4e67b1e813eec43b4c0e144a34ffe",
                "sha256:2a15a08b17dd94c53a1da0438822d70ebcd13f8c3a95abe3a9ef9f11a94830aa",
                "sha256:2f981d352f04553a7171b8e44369f2af4055f888dfb147d55e42d29e29e74559",
                "sha256:32001d6a8fc98c8cb5c947787c5d08b0a50663d139f1305bac5885d98d9b40fa",
                "sha256:3524b778fe5cfb3452a09d31e7b5adefeea8c5be1d43c4f810ba09f2ceb29d37",
                "sha256:3537e01efc9d4dccdf77221fb1cb3b8e1a38d5428920e0657ce299b20324d758",
                "sha256:35add3b638a5d900e807944a078b51922212fb3dedb01633a8defc4b01a3c85f",
                "sha256:38664109c14ffc9e7437e86b4dceb442b0096dfe3541d7864d9cbe1da4cf36c8",
                "sha256:3a7e8ae81ae39e62a41ec302f972ba6ae23a5c5396c8e60113e9066ef893da0d",
                "sha256:3b562dd9e9ea93f13d53989d23a7e775fdfd1066c33494ff43f5418bc8c58a5c",
                "sha256:457a69a9577064c05a97c41f4e65148652db078a3a509039e64d3467b9e7ef97",
                "sha256:4bd4cd07944443f5a265608cc6aab442e4f74dff8088b0dfc8238647b8f6ae9a",
                "sha256:4e885a3d1efa2eadc93c894a21770e4bc67899e3543680313b09f139e149ab19",
                "sha256:4faffd047e07c38848ce017e8725090413cd80cbc23d86e55c587bf979e579c9",
                "sha256:509fa21c6deb7a7a273d629cf5ec029bc209d1a51178615ddf718f5918992ab9",
                "sha256:5678211cb9333a6468fb8d8be0305520aa073f50d17f089b5b4b477ea6e67fdc",
                "sha256:591ae9f2a647529ca990bc681daebdd52c8791ff06c2bfa05b65163e28102ef2",
                "sha256:5a7d5dc5140555cf21a6fefbdbf8723f06fcd2f63ef108f2854de715e4422cb4",
                "sha256:69c0b73548bc525c8cb9a251cddf1931d1db4d2258e9599c28c07ef3580ef354",
                "sha256:6b5420a1d9450023228968e7e6a9ce57f65d148ab56d2313fcd589eee96a7a50",
                "sha256:722695808f4b6457b320fdc131280796bdceb04ab50fe1795cd540799ebe1698",
                "sha256:729586769a26dbceff69f7a7dbbf59ab6572b99d94576a5592625d5b411576b9",
                "sha256:77f0643abe7495da77fb436f50f8dab76dbc6e5fd25d39589a0f1fe6548bfa2b",
                "sha256:795e7751525cae078558e679d646ae45574b47ed6e7771863fcc079a6171a0fc",
                "sha256:7be7b61bb172e1ed687f1754f8e7484f1c8019780f6f6b0786e76bb01c2ae115",
                "sha256:7c3fb7d25180895632e5d3148dbdc29ea38ccb7fd210aa27acbd1201a1902c6e",
                "sha256:7e68f88e5b8799aa49c85cd116c932a1ac15caaa3f5db09087854d218359e485",
                "sha256:83891d0e9fb81a825d9a6d61e3f07550ca70a076484292a70fde82c4b807286f",
                "sha256:8485f406a96febb5140bfeca44a73e3ce5116b2501ac54fe953e488fb1d03b12",
                "sha256:8709b08f4a89aa7586de0aadc8da56180242ee0ada3999749b183aa23df95025",
                "sha256:8f71bc33915be5186016f675cd83a1e08523649b0e33efdb898db577ef5bb009",
                "sha256:915c04ba3851909ce68ccc2b8e2cd691618c4dc4c4232fb7982bca3f41fd8c3d",
                "sha256:949b8d66bc381ee8b007cd945914c721d9aba8e27f71959d750a46f7c282b20b",
                "sha256:94c6f0bb423f739146aec64595853541634bde58b2135f27f61c1ffd1cd4d16a",
                "sha256:9a1abfdc021a164803f4d485104931fb8f8c1efd55bc6b748d2f5774e78b62c5",
                "sha256:9b79b7a16f7fedff2495d684f2b59b0457c3b493778c9eed31111be64d58279f",
                "sha256:a320721ab5a1aba0a233739394eb907f8c8da5c98c9181d1161e77a0c8e36f2d",
                "sha256:a4afe79fb3de0b7097d81da19090f4df4f8d3a2b3adaa8764138aac2e44f3af1",
                "sha256:ad2cf8aa28b8c020ab2fc8287b0f823d0a7d8630784c31e9ee5edea20f406287",
                "sha256:b8512a91625c9b3da6f127803b166b629725e68af71f8184ae7e7d54686a56d6",
                "sha256:bc51efed119bc9cfdf792cdeaa4d67e8f6fcccab66ed4bfdd6bde3e59bfcbb2f",
                "sha256:bdc919ead48f234740ad807933cdf545180bfbe9342c2bb451556db2ed958581",
                "sha256:bdd37121970bfd8be76c5fb069c7751683bdf373db1ed6c010162b2a130248ed",
                "sha256:be8813b57049a7dc738189df53d69395eba14fb99345e0a5994914a3864c8a4b",
                "sha256:c0c0b3ade1c0b13b936d7970b1d37a57acde9199dc2aecc4c336773e1d86049c",
                "sha256:c47a551199eb8eb2121d4f0f15ae0f923d31350ab9280078d1e5f12b249e0026",
                "sha256:c4ffb7ebf07cfe8931028e3e4c85f0357459a3f9f9490886198848f4fa002ec8",
                "sha256:ccfcd093f13f0f0b7fdd0f198b90053bf7b2f02a3927a30e63f3ccc9df56b676",
                "sha256:d2ee202e79d8ed691ceebae8e0486bd9a2cd4794cec4824e1c99b6f5009502f6",
                "sha256:d53197da72cc091b024dd97249dfc7794d6a56530370992a5e1a08983ad9230e",
                "sha256:d6dd0be5b5b189d31db7cda48b91d7e0a9795f31430b7f271219ab30f1d3ac9d",
                "sha256:d88b440e37a16e651bda4c7c2b930eb586fd15ca7406cb39e211fcff3bf3017d",
                "sha256:de8a88e63464af587c950061a5e6a67d3632e36df62b986892331d4620a35c01",
                "sha256:df2449253ef108a379b8b5d6b43f4b1a8e81a061d6537becd5582fba5f9196d7",
                "sha256:e1c1493fb6e50ab01d20a22826e57520f1284df32f2d8601fdd90b6304601419",
                "sha256:e1cf1972137e83c5d4c136c43ced9ac51d0e124706ee1c8aa8532c1287fa8795",
                "sha256:e2103a929dfa2fcaf9bb4e7c091983a49c9ac3b19c9061b6d5427dd7d14d81a1",
                "sha256:e56b7d45a839a697b5eb268c82a71bd8c7f6c94d6fd50c3d577fa39a9f1409f5",
                "sha256:e8afc3f2ccfa24215f8cb28dcf43f0113ac3c37c2f0f0806d8c70e4228c5cf4d",
                "sha256:e8fc20152abba6b83724d7ff268c249fa196d8259ff481f3b1476383f8f24e42",
                "sha256:eaa9599de571d72e2daf60164784109f19978b327a3910d3e9de8c97b5b70cfe",
                "sha256:ec15a59cf5af7be74194f7ab02d0f59a62bdcf1a537677ce67a2537c9b87fcda",
                "sha256:f190daf01f13c72eac4efd5c430a8de82489d9cff23c364c3ea822545032993e",
                "sha256:f34c41761022dd093b4b6896d4810782ffbabe30f2d443ff5f083e0cbbb8c737",
                "sha256:f3e98bb3798ead92273dc0e5fd0f31ade220f59a266ffd8a4f6065e0a3ce0523",
                "sha256:f42d0984e947b8adf7dd6dde396e720934d12c506ce84eea8476409563607591",
                "sha256:f71a396b3bf33ecaa1626c255855702aca4d3d9fea5e051b41ac59a9c1c41edc",
                "sha256:f9e130248f4462aaa8e2552d547f36ddadbeaa573879158d721bbd33dfe4743a",
                "sha256:fed51ac40f757d41b7c48425901843666a6677e3e8eb0abcff09e4ba6e664f50"
            ],
            "markers": "python_version >= '3.9'",
            "version": "==3.0.3"
        },
        "narwhals": {
            "hashes": [
                "sha256:1f0f403e8c7e4463cde9bfe78b12fdd809e3ae3dda6d9b2f802934fb9c7a6a8f",
                "sha256:62c036c810662bf7820b7737077176313bc59350eeeefb808510f388c743e4b2"
            ],
            "markers": "python_version >= '3.10'",
            "version": "==2.25.0"
        },
        "numpy": {
            "hashes": [
                "sha256:0090ccdd57ec2703e9b49d0bf554767370581c1dd0a6b2bb2b2d9def317d042a",
                "sha256:078f9b027b478c9379b9677babbf0f8b8f1ecfada27636d7b9a93990c638739f",
                "sha256:07d4e89f3a9ab0a9ba24264ccdb642b3dd951b2281e8883a5481a4aa79cc31a7",
                "sha256:0a4035ae1129ff8777f08bfbd44f1e5d8e9c049ce0c2dd78fc0d92c13e7251c0",
                "sha256:0aadf13b60048d501e05fa699efaf7734e2494f3498a4c2a5521d822640324f3",
                "sha256:14e373cfc6387177e8409dac3c7159be8eb05cd77096cd7c950268b86f62831c",
                "sha256:1ab3d4a901f844ea836c3e80bf463c6a27d7f3c14e8e292fcf28d348b25b9bce",
                "sha256:24b9dc2e3d84aa58523798805194e23e736f3f6ce2d1a5b92583ae734e6dbda8",
                "sha256:27650bb0e7140fa3d37b9923b4803645e0b125d190f326eecfd3f4dad8e8ade1",
                "sha256:28ac63476ec7651484215ee7fa15a1f78b57c14621f01e392afe17b9a1390ce4",
                "sha256:29b86ff8a6cc556b47ec6b64b194815cc80e6bf5eedcc6cddfd65318cb0b4eee",
                "sha256:29d81e97f668489cba8ebfd796b9bdd453525d35dd9e162e2daec94bf3fc7740",
                "sha256:2cc779226e476d1e1f08c74068c419e60f41a9e0e069c92f6671d31d5c985e98",
                "sha256:2ffa7bacab3e2ee1b19ed31766bb60bb380b68c23f051e199c5cc598afd68710",
                "sha256:318b9a4c845dbea06708a29c84ee429cc3065048db34cdb799047643492050ee",
                "sha256:34c319e2963be042673fb46570501b2f06c41924e17e3563d58646b4380dfb68",
                "sha256:3a2f061cebd9e3d23bdcfaaded5e2293a4c6a5b60fa42df85d410a725ce621bf",
                "sha256:3cdec01fa790a186d430433fdd4d4ffb70eed6f0eeb4bf05c8dbe2dce0a9bcb8",
                "sha256:3e4c367352d3747784248a227fbec218e193b56f7e6692e3b64fc805478ecfdf",
                "sha256:40f4d451aed46a8046a1aae41c4e55fb3612273df9c502480135e1501576a34b",
                "sha256:44ef9675d908e65f9953063837c3277730f3f4437615a4cdab67b366cabaf884",
                "sha256:4bbd96c833ecc8cc069ce518078fc8c60cb9cbfb0fea5b7a803ad65035596d03",
                "sha256:4ec954036759bcee3aa484f8603bd9c14f3e776293b85578b8734c2d72777c69",
                "sha256:4f9744f9fbdcea0bc552e8f19e1f141f811a3f9bc2be2cc6e86d982cab23e3f4",
                "sha256:50a68f4bacd8a2b33d8da3d2269d0d78500f86ea582e4786dc10f5ef2c2c6842",
                "sha256:50e500dc868e9313530ce12ba470fe50ff3afe3d62993ed6eff652dacd555b65",
                "sha256:52c808f96484f5571a5cc863775ce50247c17dfb3b0361f8ed6b4b0456f80080",
                "sha256:5f8e00be2ec6f45f4e8a41a527f68d44a7d96fee92a650e4d8b1326f77f61e6e",
                "sha256:60e902ac295855348a5ca2ea4c89108989a9f5fddfad3dfc0a8f36b10358567e",
                "sha256:65f188481f1669e26f62b701e8205d19e460fa4a9b52a1414ba382330e4a3414",
                "sha256:6950c4b7dd562453090548ba7f5da7e59f57f85663f15d5dcc60e249192f7e59",
                "sha256:6a9bb119fb8dd21ba30b3f0e555b7e2b081bd9883af21ec9c1c633d161cda3a8",
                "sha256:6b588cc8f902d6bff201c19fd00c43ab8545671e3554d014e12e14139e5e8617",
                "sha256:6df895598c0edcb41030126c89e0f353b07d93238116143b7405e937359736c4",
                "sha256:6e8172ddfcf5cf74b811d372b570b83c60bd2de87a6fbfbebdadb4a9bd9c6cbb",
                "sha256:7354826bc6f8f69402e9b7fe28d15fcd34feebd74f856f111585c5b0c9fb0251",
                "sha256:7587f53dfbd5edc0f7b87c6217b4c6d2d1f2ef9c3da70bc1315e7db5f8d7ec9d",
                "sha256:77843ca236b777e67f8d6b3660ea116e499612703a0ecd7093f316201eb9d8e2",
                "sha256:7999d4ddb0c4025018373fd787510d46e04c769467af22869707b3c1cfd459ab",
                "sha256:85aaccb24182c25df891ad0ec333585967e115269d5f1b17f2c9ae005bc96657",
                "sha256:8e4cb9a754c8a0c62eaa88273a5fba3391f4a610d1dee893c0755da31c083f15",
                "sha256:8ee9c4eeb8454b3660a8b53493563c3e121c2fc94fbd72b848ef814ed7b676a9",
                "sha256:9a0731745a72a184490a582fb4af2533512bd071ace67785b5fdffc0ae58dce8",
                "sha256:9e9413326d726c2545bfa65d2c0876871e8d8386e77f992c1d426e180bbd4323",
                "sha256:a610dc7e3c52edd39c2bc2375ff9c3fd59cb3ad00e4472d36f83bc1457145788",
                "sha256:a839318485284a6fb31be4f8f2c91c8f2cb22f4543c4a8903f12b0671ffe07cc",
                "sha256:afb3f0632d6b2e3ba04dbce8d1e48d321b369138b73830b5ca371a0e8d479d56",
                "sha256:b879fb674276e331513fb136b78dbc6bd3c848309e0d841cfd63be3896c4cfc1",
                "sha256:b9727f472d2f3888053b8a75ab0cb94745a9de224bb5846dbadc0092101bc71d",
                "sha256:ba0a474801b8dc67b66bf465548abc90e82b44d2611b5770f33008dcabffe8ec",
                "sha256:bd68ece1553d2023c09a4226d9e41c586ad2d20594d1a456186c33513d2cb3f2",
                "sha256:c081cbe16ba1ab53078e5ff29013621e33c509eedab055775d956427712c236e",
                "sha256:c1f017dc0875c9209d219f97feceb7d54c2661bb243deb4114478e1295808af7",
                "sha256:cebc2d6dbb605a7703d59751dea4bd6b0ab127a5a4338a6f432df1936fef8b26",
                "sha256:cf7de32f486e4ac9e2d93b810f9e9ac72a728dd46a32a0bb403222f27f653514",
                "sha256:d482d171c406ae88c5b19cad3b6a1c4c5209f886ab74bc44c2c865c23f52d860",
                "sha256:d6a48072864e3324e194a8fbb3c657bcc5b5c869dbc64c9537b1d5c862572c0a",
                "sha256:d787cf769c3baeb5f6235e778edb52c08dfa923789b5958f28e6450f96107cb1",
                "sha256:dc649493697006bc90614a5f0bbc8cb3cb1866715c474e473694968d7e6b99ab",
                "sha256:ddf47472af2e4280d79bac82304f5e80150211f1b9e614b760061d5fdfbb6eba",
                "sha256:e5651f3f87add730ee6608d915009e19c911fba0cb000c7e3ea994b7d768eb12",
                "sha256:e79aba74ffaf5f78a050d777c184cddf8fdffabab38acf5f3ef1fecbc17895d6",
                "sha256:eaa088384c46f519dacb93b7ec483a6d6b19a4a2085ae4f25ab9b1c43d387d1e",
                "sha256:eaca7ff36f0f52e2111ec71f169d8fd3e889e7ddc0d2592e0d703fd8d3ce8fac",
                "sha256:f06571a052127dc1b4e8b83029b4d1b20daa2b64a31cdd181fc6bc774e9000eb",
                "sha256:fd0d703772bba096843785bd38371e31bb4a0c1151497ad5739d182114a73f7f"
            ],
            "index": "pypi",
            "markers": "python_version >= '3.12'",
            "version": "==2.5.2"
        },
        "scikit-learn": {
            "hashes": [
                "sha256:051075bda8b7aab87b1906ab3d4740a1e1224a19d7b3781a576736edc94e76aa",
                "sha256:056c92bb67ad4c28463c2f2653d9701449201e7e7a9e94e321be0f71c4fef2b8",
                "sha256:147e9329ef0e39f75d4cffa02b2aa48d827832684926cd5210d9a2cb5c57246b",
                "sha256:1b944b6db288f6b926e3650026ddafb988929de95d11fc2cc5fa117773c9ba42",
                "sha256:1fea2cc5677ab49d6f5bade978c866da44957b712d92e9635e8b4f723013c3cb",
                "sha256:24360002ae845e7866522b0a5bbf690802e7bc388cac8663502e78aa98598aa2",
                "sha256:26e22435f63bcdcf396b574273f29f13dd531f5ea035801f5be10ba1540a4e60",
                "sha256:2bd41b0d201bc81575531b96b713d3eb5e5f50fb0b82101ff0f92294fdc236ac",
                "sha256:366652351f092b219c248f1e72821e841960a63d8f358f1dcfd54dc1cbdbbc28",
                "sha256:38c3dcb9a1ffb85505ec53d54c7b4aea0cff70050425a7760c2af661ac85df05",
                "sha256:4306775fad04cc4b472a1b15af1ae9cede1540fbfcc17fbce3767cd8dc7ae283",
                "sha256:4ccacf04ca5f4b492158a5f28afe0ace43f81b2571e4b9a66d34848b46128949",
                "sha256:5162ad10a418c8a282dde04c9aa06965de3e9a65f33c1440c0ae69bb1a09d913",
                "sha256:5808d98f15c6bf6d9d96d2348c1997392a5888ce7097e664105f930c4bca1277",
                "sha256:5b934c45c252844a91d69fda3a34cff5e7307e1db10d77cb10a3980312c74713",
                "sha256:5bad8f8b9950321b54c965fdcbac6c6c55e79e16646b49977bcf3668d3870a1a",
                "sha256:5be45aa4a42a68a533913a6ed736cf309de2226411c79ef8d609a5456f1939b1",
                "sha256:5dc1818c77575d149e25fce9ef82dd7b7263ae372f03494158668ad632a69759",
                "sha256:5e50ed4da51974e86e940690e9a3d82e729b62b5a49f7c9bac534d515d39d86f",
                "sha256:64fa347efc1c839c487433e40c5144d38c336e8a2b59c81aa8660373945c2673",
                "sha256:78fc56eafd4edb9575d2d8950d1dd152061abb573341a1cb7e099fc40f6c6666",
                "sha256:80746d63bd4b6eaca54d36fe5feaf4d28bb38dc6f9470f81c7cad7c40155f119",
                "sha256:8833266989d3a5110178a9fae30783675460724d0e1efb13b14901d2c660c557",
                "sha256:9656acd4e93f74e0b66c8a36c88830a99252dfa900044d36bc2212ae89a47162",
                "sha256:9db6f4d34e68c8899e4cab27fdf8eafe6ed21f2ba52ceb25ea250cd237f8e47b",
                "sha256:d77f54c017633791bc0225a43e2f8d03745fdcfe4880268fcc4df15f505dec2e",
                "sha256:da76d09304a4706db7cc1e3ebaa3b6b98a67365cc11d2996c4f1e58ba47df714",
                "sha256:ee1a8db2c18c08e34c7412d4b10be1cac214cd4ea7dc9715a6a327eb49a37c96",
                "sha256:f401448645a3e7bc115aa3c094097865155b34bff1cba8101857d9104e99074c",
                "sha256:f7e254636164090da847715a27f8e5478feb98c40a9e0ee90cbd277de9e5ceb8",
                "sha256:fd3a8ef0c758555a3b23c03adaa858af32f7736785ded50ad5991f59c4ed03fa"
            ],
            "index": "pypi",
            "markers": "python_version >= '3.11'",
            "version": "==1.9.0"
        },
        "scipy": {
            "hashes": [
                "sha256:09143f676d157d9f546d663504ef9c1becb819824f1afc018814176411942446",
                "sha256:0d13bca67c096d89fb95ced0d8921807300fce0275643aef9533cc63a0773468",
                "sha256:18e9575f1569b2c54174e6159d32942e03731177f63dce7975f0a0c88d102f5b",
                "sha256:1a4441f15d620578772a49e5ab48c0ee1f7a0220e387110283062729136b2553",
                "sha256:1ad44305cfa24b1ba5803cbbebf033590ccbac1aa5d612d727b785325ab408b0",
                "sha256:1afac4a847207c7ff8efd321734a50b06d0280b3b2a2c0fc2f413101747ad7c7",
                "sha256:1f55797419e16e7f30cf88ffb3113ce0467f00cfe3f70d5c281730b21769bfc2",
                "sha256:265915e79107de9f946b855e50d7470d5893ec3f54b342e1aa6201cbdcd8bb6b",
                "sha256:2d8bbdc6c817f5b4006a54d799d4f5bab6f910193cbb9a1ff310833d4d270f61",
                "sha256:2ef3abc54a4ffc53765374b0d5728532dfdd2585ed23f6b11c206a1f0b1b9af8",
                "sha256:368e0a705903c466aa5f08eefb39e6b1b6b2d659e7352a31fd9e2438365be0f8",
                "sha256:3f1ac564d3bf6c03d861d2cd87a1bea0da2887136f7fb1bf519c05a8971452d6",
                "sha256:40395a5fcd1abee49a5c7aaa98c29db393eedc835138560a588c47ec16156690",
                "sha256:4a55985d54c769c872e64b7f4c8a81cc30ef700cc04296abbbf3705439c126de",
                "sha256:4c256ee70c0d1a8a2ace807e199ccd4e3f57037433842abb3fb36bc17eaa9578",
                "sha256:52a96e21517c7292375c0e27dd796a811f03fcea5fd4d108fdfea8145dcf17ab",
                "sha256:56abf29a7c067dde59be8b9a22d606a4ea1b2f2a4b756d9d903c62818f5dacce",
                "sha256:5aba46108853ddfc77906b6557aac839d2b52e900c1d72a1180adaaab58d265f",
                "sha256:5efe260f69417b97ddae455bfb5a95e8359f7f66ad7fa9522a60feb66f169520",
                "sha256:67b2ad2ad54c72ca6d04975a9b2df8c3638c34ddd5b28738e94fc2b57929d378",
                "sha256:68363b7eaacd8b5dd426df56d782cc156468ac79a127a1b87ca597d6e2e82197",
                "sha256:6aa94e78ec192a30063a5e72e561c28af769dc311190b24fe91774eff1969709",
                "sha256:71ccc8faa2dd16ac310233203474a8b5cb67f10dedd54a3116d34943f4b19132",
                "sha256:7a7f3b01647384dbc3a711e8c6778e0aabbe93959249fef5c7393396bcac0867",
                "sha256:7bd21faaf5a1a3b2eff922d02db5f191b99a6518db9078a8fb23169f6d22259a",
                "sha256:7c7a51b33ce387193c97f228320cf8e87361daa1bba750638677729598b3e677",
                "sha256:84031d7b052a54fae2f8632e0ec802073d385476eb9a63079bce6e23ef9283d4",
                "sha256:8ca01e8ae69f1b18e9a58d91afead31be3cef0dd905a10249dac559ee15460a0",
                "sha256:945c1761b93f38d7f99ae81ae80c63e621471608c7eeead563f6df025585cd58",
                "sha256:97b6cddaaee0a779ef6b5ca83c9604b27cc16b2b8fc22c142652df8793319fb8",
                "sha256:9aac6192fac56bf2ca534389d24623f07b39ff83317d58287285e7fbd622ff76",
                "sha256:9ab7b758be6940954a713ee466e2043e9f6e2ed965c1fce5c91039f4be3d90a9",
                "sha256:a46f9273dbd0eb1cefba61c9b8648b4dfe3cbc14a080176f9a73e44b8336dc7f",
                "sha256:ad033410e2e0672ffdc1042110cef20e1c46f8fd0616cee1d44d8d58fad8fc11",
                "sha256:b6f758e35f12757b5d95c00bc6de2438e229c2664b7a92e96f205959d9f2dfa4",
                "sha256:c5557d8be5da8e41353fcd4d21491fdbab83b062fc579e94dc09a7c8ab4f669b",
                "sha256:c5dbddf60e58c2312316d097271a8e73d40eaf2eabfa4d95ed7d3695bbf2ce7b",
                "sha256:d88363fd9d8fbd3511bd273f1a49efb2a540773ddf92a91d57498ce7dd7f3e76",
                "sha256:e40baea28ae7f5475c779741e2d90b1247c78531207b49c7030e698ff81cee3f",
                "sha256:f2a6af57bd9e4a75d70e4117e78a1bbee84f79ae3fbb6d0111005d6ebcc4cb8d",
                "sha256:f351e0dd702687d12a402b867a1b4146a256923e1c38317cbc472f6372b94707"
            ],
            "markers": "python_version >= '3.12'",
            "version": "==1.18.0"
        },
        "threadpoolctl": {
            "hashes": [
                "sha256:43a0b8fd5a2928500110039e43a5eed8480b918967083ea48dc3ab9f13c4a7fb",
                "sha256:8ab8b4aa3491d812b623328249fab5302a68d2d71745c8a4c719a2fcaba9f44e"
            ],
            "markers": "python_version >= '3.9'",
            "version": "==3.6.0"
        },
        "werkzeug": {
            "hashes": [
                "sha256:63a77fb8892bf28ebc3178683445222aa500e48ebad5ec77b0ad80f8726b1f50",
                "sha256:9bad61a4268dac112f1c5cd4630a56ede601b6ed420300677a869083d70a4c44"
            ],
            "markers": "python_version >= '3.9'",
            "version": "==3.1.8"
        }
    },
    "develop": {
        "asttokens": {
            "hashes": [
                "sha256:3ecdbd8f2cc195f53ccada3a613538bb5f9ef6f6869129f13e03c30a677b8fe2",
                "sha256:9da13157f5b28becde0bd374fc677dcd3c290614264eff096f167c469cd9f933"
            ],
            "markers": "python_version >= '3.8'",
            "version": "==3.0.2"
        },
        "comm": {
            "hashes": [
                "sha256:2dc8048c10962d55d7ad693be1e7045d891b7ce8d999c97963a5e3e99c055971",
                "sha256:c615d91d75f7f04f095b30d1c1711babd43bdc6419c1be9886a85f2f4e489417"
            ],
            "markers": "python_version >= '3.8'",
            "version": "==0.2.3"
        },
        "debugpy": {
            "hashes": [
                "sha256:0042da0ecd0a8b50dc4a54395ecd870d258d73fa18776f50c91fdcabdcad2675",
                "sha256:0fddfdc130ac6d8bfc0415b0409822fa901c8f310e5c945ac5653a0352532344",
                "sha256:13678151fc401e2d68c9880b91e28714f797d40422994572b24560ef80910a88",
                "sha256:15d4963bd5ffa48f0da0947fd06757fa7621945048a14ad7705431566d3c0e7c",
                "sha256:2c2ae706dec41d99a9ca1f7ebc987a83e65578363be6f6b3ac9067504917fae1",
                "sha256:3d6922439bf33fd38a3e2c447869ebc7b97da5cd3d329ff1ef9bc06c4903437e",
                "sha256:4743373c1cac7f9e74a1b9915bf1dbe0e900eca657ffb170ae07ac8363205ae9",
                "sha256:4e70cc8b5079f885cb43910924ee0aab73b8b6b2a14eff23afdd9895d86e79eb",
                "sha256:4e7c2d784d78ad4b71a5f8cd7b59c167719ec8a7a0211dbb3eb1bfeda78bc4e2",
                "sha256:72b5d676c4cbfac3bac5bb01c138a4656e843f93f03ce2a5f4e394ad49fbee73",
                "sha256:84c564d8cc701d41843b29a92814c1f1bef6798724ca9d675c284ad9f6a547d7",
                "sha256:8eeab7b5462f683452c57c0126aaa5ec4e974ddb705f39ba87dff8818c8e08f9",
                "sha256:9bb2a685287a2ac9b181cde89edcec64845cb51de7faaa75badb9a698bc24782",
                "sha256:9f5171176a0084b95d2ebe55a4d1f7b2a75b74c5dbec577ebd3a85c740551c36",
                "sha256:9f96713896f39c3dff0ee841f47320c3f2983d33c341e009361bb0ebc79adc4e",
                "sha256:a3c53278e84c94e11bd87c53970ec391d1a67396c8b22609fcac576520e611a6",
                "sha256:a7fe47fd23da57b9e0bec3f4a8ee65a2dc55782455ed7f2141d75ab5d2eaeef5",
                "sha256:aa648733047443eb1d07682c4ef287d36a54507b643ffdf38b09a3ef002c72a0",
                "sha256:aa9d941d6dfe3d0407e4b3ca0b9ec466030e260fbf1174094f68785680f66db6",
                "sha256:b1e37d333663c8851516a47364ef473da127f9caebe4417e6df6f5825a7e9a92",
                "sha256:bd7ba9dd3daa7c2f942c6ca8d4695a16bf9ac16b63615261c7982bc74f7ed20c",
                "sha256:c193d474f0a211191f2b4449d2d06157c689013035bd952f3b617e0ef422b176",
                "sha256:da456226c7b4c69e35dbe35dcee6623d912000a77816db7856a41af1c72a0264",
                "sha256:e935f9dc0501be523c8a8e1853c39432e1354e9ece717ae5998fd2371c4542c3",
                "sha256:ecbd158386c31ffe71d46f72d44d56e66331ab9b16cad649156d514368f23ab2",
                "sha256:f15c10084f9861b5e8414a48f18f8e4aadf51a98a59e72c16aa28281ca994672",
                "sha256:f68b891688e61bdc08b8d364d919ff0051e0b94657b39dcd027bc3173edb7cdc",
                "sha256:f843a8b08c2edeaf9b1582eed4f25441af21a297c22ff16bf76a662557aa9c9e",
                "sha256:fe0744a12353406de0ae8ccff0d0a4a666f00801a3db8fd04e7a5f761cd520e8",
                "sha256:ffd932c6796afadab6993ec96745918a8cb2444dbd392074f769db5ea40ab440"
            ],
            "markers": "python_version >= '3.8'",
            "version": "==1.8.21"
        },
        "executing": {
            "hashes": [
                "sha256:3632cc370565f6648cc328b32435bd120a1e4ebb20c77e3fdde9a13cd1e533c4",
                "sha256:760643d3452b4d777d295bb167ccc74c64a81df23fb5e08eff250c425a4b2017"
            ],
            "markers": "python_version >= '3.8'",
            "version": "==2.2.1"
        },
        "ipykernel": {
            "hashes": [
                "sha256:897eb64da762549ef610698fca5e9675195ec6ac8ec7f19d81ce1ca20c876057",
                "sha256:9acaaaf97d16355166e4085afe9d225bfbdf2b7ef520f9df3be8f2b248275e09"
            ],
            "index": "pypi",
            "markers": "python_version >= '3.10'",
            "version": "==7.3.0"
        },
        "ipython": {
            "hashes": [
                "sha256:4acae635506f6d352d94c4899a19d5f85f8bc4d230932342dca556fdab1c69b4",
                "sha256:5a3d1f9a47ff216d6cf9cf863124f6a2c1a198d1354c546a4d24a370a283b64c"
            ],
            "markers": "python_version >= '3.11'",
            "version": "==9.16.1"
        },
        "ipython-pygments-lexers": {
            "hashes": [
                "sha256:09c0138009e56b6854f9535736f4171d855c8c08a563a0dcd8022f78355c7e81",
                "sha256:a9462224a505ade19a605f71f8fa63c2048833ce50abc86768a0d81d876dc81c"
            ],
            "markers": "python_version >= '3.8'",
            "version": "==1.1.1"
        },
        "jedi": {
            "hashes": [
                "sha256:7bdd9c2634f56713299976f4cbd59cb3fa92165cc5e05ea811fb253480728b67",
                "sha256:c3f4ccbd276696f4b19c54618d4fb18f9fc24b0aef02acf704b23f487daa1011"
            ],
            "markers": "python_version >= '3.10'",
            "version": "==0.20.0"
        },
        "jupyter-client": {
            "hashes": [
                "sha256:0b7a295bc46e8751e9adae84781f726c851c1d911bd793edc4a3bde942e3da81",
                "sha256:a58f730dd9e728ba16ba1d62ebccf7ffe1ebbdbce4e95cfae941b7321ae1f4fa"
            ],
            "markers": "python_version >= '3.10'",
            "version": "==8.9.1"
        },
        "jupyter-core": {
            "hashes": [
                "sha256:4d09aaff303b9566c3ce657f580bd089ff5c91f5f89cf7d8846c3cdf465b5508",
                "sha256:ebf87fdc6073d142e114c72c9e29a9d7ca03fad818c5d300ce2adc1fb0743407"
            ],
            "markers": "python_version >= '3.10'",
            "version": "==5.9.1"
        },
        "matplotlib-inline": {
            "hashes": [
                "sha256:3c821cf1c209f59fb2d2d64abbf5b23b67bcb2210d663f9918dd851c6da1fcf6",
                "sha256:72f3fe8fce36b70d4a5b612f899090cd0401deddc4ea90e1572b9f4bfb058c79"
            ],
            "markers": "python_version >= '3.9'",
            "version": "==0.2.2"
        },
        "nest-asyncio2": {
            "hashes": [
                "sha256:1921d70b92cc4612c374928d081552efb59b83d91b2b789d935c665fa01729a8",
                "sha256:f5dfa702f3f81f6a03857e9a19e2ba578c0946a4ad417b4c50a24d7ba641fe01"
            ],
            "markers": "python_version >= '3.5'",
            "version": "==1.7.2"
        },
        "packaging": {
            "hashes": [
                "sha256:94edc256424af38762eb31306eed28beb9f0efc50a8837492c9d6fd6004aed79",
                "sha256:d7193f7c8e4e93f444fde0262bf90af30e16fa0ad0ad44cb553c87339b23cd1c"
            ],
            "markers": "python_version >= '3.9'",
            "version": "==26.3"
        },
        "parso": {
            "hashes": [
                "sha256:a8926eb2a1b915486941fdbd31e86a4baf88fe8c210f25f2f35ecec5b574ca1c",
                "sha256:eaaac4c9fdd5e9e8852dc778d2d7405897ec510f2a298071453e5e3a07914bb1"
            ],
            "markers": "python_version >= '3.6'",
            "version": "==0.8.7"
        },
        "pexpect": {
            "hashes": [
                "sha256:7236d1e080e4936be2dc3e326cec0af72acf9212a7e1d060210e70a47e253523",
                "sha256:ee7d41123f3c9911050ea2c2dac107568dc43b2d3b0c7557a33212c398ead30f"
            ],
            "markers": "sys_platform != 'win32' and sys_platform != 'emscripten'",
            "version": "==4.9.0"
        },
        "platformdirs": {
            "hashes": [
                "sha256:5ed065d443751de711da036041a7a214122efc4a4de393b3f4137ba5576540e7",
                "sha256:66a73d38a849810252df809a3d8bcbda8e26f6c189920e7535ad608a48dbb5ab"
            ],
            "markers": "python_version >= '3.10'",
            "version": "==4.11.3"
        },
        "prompt-toolkit": {
            "hashes": [
                "sha256:01c0891d7f9237d5e339f7d3e42cdae80b7534abb1c7c0e3352efba6231492f2",
                "sha256:9ec8a0ad96d5c56148b3f914aa79c1564c3fde5d2e6b876e7bc327e353cf8fa6"
            ],
            "markers": "python_version >= '3.10'",
            "version": "==3.0.53"
        },
        "psutil": {
            "hashes": [
                "sha256:0746f5f8d406af344fd547f1c8daa5f5c33dbc293bb8d6a16d80b4bb88f59372",
                "sha256:076a2d2f923fd4821644f5ba89f059523da90dc9014e85f8e45a5774ca5bc6f9",
                "sha256:11fe5a4f613759764e79c65cf11ebdf26e33d6dd34336f8a337aa2996d71c841",
                "sha256:1a571f2330c966c62aeda00dd24620425d4b0cc86881c89861fbc04549e5dc63",
                "sha256:1a7b04c10f32cc88ab39cbf606e117fd74721c831c98a27dc04578deb0c16979",
                "sha256:1fa4ecf83bcdf6e6c8f4449aff98eefb5d0604bf88cb883d7da3d8d2d909546a",
                "sha256:2edccc433cbfa046b980b0df0171cd25bcaeb3a68fe9022db0979e7aa74a826b",
                "sha256:7b6d09433a10592ce39b13d7be5a54fbac1d1228ed29abc880fb23df7cb694c9",
                "sha256:8c233660f575a5a89e6d4cb65d9f938126312bca76d8fe087b947b3a1aaac9ee",
                "sha256:917e891983ca3c1887b4ef36447b1e0873e70c933afc831c6b6da078ba474312",
                "sha256:ab486563df44c17f5173621c7b198955bd6b613fb87c71c161f827d3fb149a9b",
                "sha256:ae0aefdd8796a7737eccea863f80f81e468a1e4cf14d926bd9b6f5f2d5f90ca9",
                "sha256:b0726cecd84f9474419d67252add4ac0cd9811b04d61123054b9fb6f57df6e9e",
                "sha256:b58fabe35e80b264a4e3bb23e6b96f9e45a3df7fb7eed419ac0e5947c61e47cc",
                "sha256:c7663d4e37f13e884d13994247449e9f8f574bc4655d509c3b95e9ec9e2b9dc1",
                "sha256:e452c464a02e7dc7822a05d25db4cde564444a67e58539a00f929c51eddda0cf",
                "sha256:e78c8603dcd9a04c7364f1a3e670cea95d51ee865e4efb3556a3a63adef958ea",
                "sha256:eb7e81434c8d223ec4a219b5fc1c47d0417b12be7ea866e24fb5ad6e84b3d988",
                "sha256:ed0cace939114f62738d808fdcecd4c869222507e266e574799e9c0faa17d486",
                "sha256:eed63d3b4d62449571547b60578c5b2c4bcccc5387148db46e0c2313dad0ee00",
                "sha256:fd04ef36b4a6d599bbdb225dd1d3f51e00105f6d48a28f006da7f9822f2606d8"
            ],
            "markers": "python_version >= '3.6'",
            "version": "==7.2.2"
        },
        "ptyprocess": {
            "hashes": [
                "sha256:4b41f3967fce3af57cc7e94b888626c18bf37a083e3651ca8feeb66d492fef35",
                "sha256:5c5d0a3b48ceee0b48485e0c26037c0acd7d29765ca3fbb5cb3831d347423220"
            ],
            "version": "==0.7.0"
        },
        "pure-eval": {
            "hashes": [
                "sha256:1db8e35b67b3d218d818ae653e27f06c3aa420901fa7b081ca98cbedc874e0d0",
                "sha256:5f4e983f40564c576c7c8635ae88db5956bb2229d7e9237d03b3c0b0190eaf42"
            ],
            "version": "==0.2.3"
        },
        "pygments": {
            "hashes": [
                "sha256:2363c69b61c4a97c838da3b130dcd6468f4848992b21a82f2a63ec34377137d9",
                "sha256:610ca751c9bc2492b38eb9a38a7fbc93edbbb2d7182edaf34e66ae493dee5c8c"
            ],
            "markers": "python_version >= '3.9'",
            "version": "==2.21.0"
        },
        "python-dateutil": {
            "hashes": [
                "sha256:37dd54208da7e1cd875388217d5e00ebd4179249f90fb72437e91a35459a0ad3",
                "sha256:a8b2bc7bffae282281c8140a97d3aa9c14da0b136dfe83f850eea9a5f7470427"
            ],
            "markers": "python_version >= '2.7' and python_version not in '3.0, 3.1, 3.2, 3.3'",
            "version": "==2.9.0.post0"
        },
        "pyzmq": {
            "hashes": [
                "sha256:00e73942ef12cecbc7951c4a9104bb8ffaed742abb13af2da6833d90dd368cef",
                "sha256:010db74a1dd67c7cd8b8b30916355735db7d633a070510bb34e41ab679ab2c0e",
                "sha256:0e1af01858d6dc0c09cea57f9cb1ddf4601f04897b6bb1efc3a2038123c87d79",
                "sha256:0f4bd6743e8bf854c3bfce892dd6578a514aabf128e37a4b2eafcf01856f7e44",
                "sha256:1132805970045adb9f5f05dd57040978286a8e21a5475f2c2ddf1bc983b9a2c7",
                "sha256:1ecbdd131b9669f62d3a45afee5527c7ae9f141e4301267f21714c90bd21725f",
                "sha256:1f8079d0521fe94bbb401fe9407578b28f3701627c8be2c9f7e0c5b77dcb0109",
                "sha256:211350c3ccd4746bc5a85e8fe961bad1f7f2f274f67cf1f785fad7f96f562eea",
                "sha256:288cc790da0e3064a14a38ddc56ba169dada8c8af4cb86518db2bcbd380eedbb",
                "sha256:2c218c6ab8bc447ba62054b581fd30209689d199c6ecb253f79615ca74a38e12",
                "sha256:3146385b94a760236c5eceff468a66a296a716ca98a2e0f9217b1518118466b1",
                "sha256:348d6fd3e4b81ae4580622ea8c2ea60224e84b2ac1b3be4482e6edc7de06e7a3",
                "sha256:376981d106598beb70be384f44d8f589832fd0051d184d38d10043da3cc3b080",
                "sha256:39755dc4a923021bd0677990ffdbc21cff0e1ee1cf07fe3817acea153ef4cb67",
                "sha256:3ab6eb88590e510ab16715c32dbba12000da9bee989fdadd9ee19a234c492eb7",
                "sha256:3d45189c0c3c99f817b7fefff0d32eeef684cf33e1e3c0fc4281515357c54702",
                "sha256:3ee556ed1cf836f96de9d5e545563116426d4a94f21b8041fdc79408eff18ebb",
                "sha256:3ee8dd7031d5e23f632e0e7eee67183ca7d2536e0de35dc1e5d69f3471a791e8",
                "sha256:40124779c3a56ad5d91902df1ff89159cb414b6c1a0ee697abcc66cf5e6db62d",
                "sha256:40d96cb7a8f6a43aa9617c00215c2b73e1b5e4a1d6cbc9f5860ed7ac682599f0",
                "sha256:44f261eca7dfb9904ea2b56428f59ab693bbe2715c0413a701f17b067ebf877c",
                "sha256:468139ddb2e494d06e586bd3a6835077e8b3764560c8db552fe685c5867fc24e",
                "sha256:480dba27b145373b5e103890f17969d891bc9e86746d6b8b29dd70b0d4addc62",
                "sha256:4ebc7889b31bc11c72e9f17ba3ebb0a8b0911cce413f41b498e55383a94819a3",
                "sha256:507c0b33f95502723d325487e8e50c2cdd3b37444143f05423a3861327f69bf7",
                "sha256:54d4259d1bfae24ecdb5ca79f7acc2eac6c286a02d6a0ae617797cb45f0726d3",
                "sha256:56b48fa9d478a3af7254f397697a62f5ad3e1bb677e200b2701f0c290d97e5af",
                "sha256:591c8de5851c5ea372194469fe97587b97c3b641e9a70f31bb3474acbfde0241",
                "sha256:650c6cd7cb39a069e7048261efe66fce8bf2e0052c831a7a099b7a0f2ea860d7",
                "sha256:679b5b1dde326a921ea2c9ec1f9ea3115bfe1b4735779bbc6eb0473a0ed93f71",
                "sha256:6eb63cc61ab93b01b9afc887a160255e2fbe703fdbacfe5feaef87214f51bd6c",
                "sha256:714f8cbd66c7e405338d668f79d2fe83fe923defe348e843be998603cf92eeff",
                "sha256:722f0a6940be1a483c81029a271d950e04dc2ff113a42e21b3d2b7a0d8e59638",
                "sha256:76afba06ae698f2b8fe4fb34b32c760a650f168c2e622f370f2c528035b7f650",
                "sha256:770a37f28ddfbe1d2c40a2e3ce37e5fd10831daa6ae9634105aa8a5d23507b00",
                "sha256:7e2579c5de82ddf4544d723c1bc8b44c3b806d157acc9fb2a2d18e10ef28e202",
                "sha256:82a09aa67871d4f2fcafd47bf670fb93210b232a7c2d4b8a54676314edf04033",
                "sha256:88c0fac061bac269076edeb3a209acefc96cd6167c239daf1c2b404ac48d7012",
                "sha256:8a5c04ad2e368142aea52d1abdf6631cb2534864e3c16ab78268ab957060b2a6",
                "sha256:8b86e04f55af0f4d8cd8ecf14c0b8b81ebc8fd66fa20126b753514628ecadc7e",
                "sha256:917d601e9540098f580d2723d0ce6402cdb6f02bc8dc2de74e0dca6e13bffd1b",
                "sha256:9216132843d139a123f243c07fe70f7487dce5041093dd77040f9adb5dc91872",
                "sha256:94242bd4de6af7e74665e14a88630bccd615057f6acfaf08a3a432551d604645",
                "sha256:95369ed6626afcfe2ac89832fb1b917c077fbeb905fbbe5d918349ce0222b89b",
                "sha256:95f52b877149b06bbdeec2e8ea6230aad14950bbfbcfa16e7eb88951f07d6b28",
                "sha256:97d4c6622f129b514a4f5939af1b5f434c97f47085d9311b5f7f36e24b3bd447",
                "sha256:9846e881620dd62566ca76a53e384c3f37490faf4b9240aebc7498810dfca853",
                "sha256:9ab72ee77b313d0658447204c8201f9b315146e923b48c56ea7dbd005d464a91",
                "sha256:a070a9cdad1f8f8a85ea153afcc4654f11b10895d14c0acabe10f1df0e0892ea",
                "sha256:a0ee3c49be2aa15abd12cbbd14d4ea2892f872c688e1e487af39ec1972ed549d",
                "sha256:a7c1144dc61777938e932a2c9011b980b89fd8ff3733033b34c44c299187a6e1",
                "sha256:a843094b4d3d633bc3623e47a2ff50742d6af02bc1f7606aa2e67e971e21878d",
                "sha256:ac126d48cf18aa955daabef43bf0009ff76ad4deee437d09ecf15388214b5beb",
                "sha256:ae6ebbc0bfe5a21ce21e32ba567bf73df2d93888109c65acbd42506cf9395759",
                "sha256:b26f2d0493b79ce3c3112c8a12649418915582ba4707b8ed9f44febf2be71f42",
                "sha256:b398c5fe102b41e1559f7ffdae760aabd5f432d73b047b4ae0eac4e01cb594d2",
                "sha256:b8d5f66e4a8246cf77f7b8f7902af64f00553368fa0373c89d99b78f0ad79394",
                "sha256:baa2ce3485145653194d6c8c5beedd1e9f0bf46a0919c9fa2fe2204fc35b74d9",
                "sha256:bad4813f270592cedf56977e31ac1fc374fb0f6f67ea5134a5e37c19cb429a8e",
                "sha256:bf0b6e4ce1bb089751c504c5493d6b0557eabd02dd21b76e9086cf964234b103",
                "sha256:c218b816220d05acf6ab1bafca58926d95cbcc5fec5024724666030466308f0c",
                "sha256:c5129a8fe43ecc49b99eb75616603d483a3c2fcaef504988fafe8ea392aea98b",
                "sha256:c551b9e2f86dc625fcb1a032c0d68042678caf96a8dd7c28796766b673bd5b52",
                "sha256:c7cfb75caa83f5153c687e9d2107f64b5ef0ef0d6edd260d3ff920baaaa69101",
                "sha256:c9322f9c87b0935870516c2876e1e29497fdc50439c785ece63e3fbbab06c821",
                "sha256:d1526b42a2e725b84ed226f37becedc250c6347594e5ed304e4e9aff68c9aec3",
                "sha256:d1bc1d380a91d954ed5fc9f12915dba014eed0978d2de05ee7ca688bdaac144a",
                "sha256:d41ebb260b69329b7d4a2936d44c872c86dd785355b51366c8b14e07ed7e9373",
                "sha256:d61910b52be5b2cd8b248dbcbe3a1b0275556a7d99fb613fc43323b546e273b8",
                "sha256:d61a0169ba05ab7ebc48dc793f092df12f789bf378dac8321ccd966fd93d94e8",
                "sha256:d64da42cae09e6b0c61368b4cc8ca80f23ce3af17584d08053f3dc957433d5ed",
                "sha256:d9527e3dbaef1edaeeb2446fa7379446814a43ade8adc7c4a5ebe69437815ddd",
                "sha256:dcc99ca132b667a4ed750afd42db4ea73288f18425a9b2e3c0af095665c491f5",
                "sha256:dde5e291548ca0f397623b5e523db5c90172b32aa4fd3ba464a79ea31a580b43",
                "sha256:dea74fd65f1fc5f7fe167916a473ebe6ed6174e5e5d9de11ea6583661be6cf43",
                "sha256:dfcd024eade5870b25f890c4df0ba9421ed8167d8d3d82334237512c1158dada",
                "sha256:e0fa0bc6b1a184aee59b32efcd1b7f0e6d5b8f9387799e4c16a4cb66a86747d6",
                "sha256:e1ed46048d1920cabc96d952a0d5cfe4127ad8db572c335aae4e3c57b9278d7f",
                "sha256:ec8a318dfc27c7d946651b3d9e8025d5734f30c168a822195601827207bac09b",
                "sha256:edce90a1e588ec63adbf612cc0ad582de4169cd216c7ae53c15f42a2ee902f35",
                "sha256:f52f08101907609cc08db6a1f9f2a7a9afd54e9b2ca16178c9c38e99fb593cef",
                "sha256:f5c6d8744d10b5e1eadd90a7c58f8546acf6bf680ee463f7e6ada09ad6c9f802",
                "sha256:f707bcf2c1d007d14d70531d4dd7b41060881c73efa845580bf6faaf9ea24d42",
                "sha256:fba8afcf265c6e9fbe1594cb045d4765c6c9a7d607653a8196067ef23566b843",
                "sha256:fdaaa4ea3242f6ad298eb5177eb042aea5c73c30e76d20caee7b15af20d24ec2",
                "sha256:ff60f0f7ccfda0e303ac43bec7096007b7cdf2c41b3739d1ec667febe67acab3"
            ],
            "markers": "python_version >= '3.9'",
            "version": "==27.2.0"
        },
        "six": {
            "hashes": [
                "sha256:4721f391ed90541fddacab5acf947aa0d3dc7d27b2e1e8eda2be8970586c3274",
                "sha256:ff70335d468e7eb6ec65b95b99d3a2836546063f63acc5171de367e834932a81"
            ],
            "markers": "python_version >= '2.7' and python_version not in '3.0, 3.1, 3.2, 3.3'",
            "version": "==1.17.0"
        },
        "stack-data": {
            "hashes": [
                "sha256:836a778de4fec4dcd1dcd89ed8abff8a221f58308462e1c4aa2a3cf30148f0b9",
                "sha256:d5558e0c25a4cb0853cddad3d77da9891a08cb85dd9f9f91b9f8cd66e511e695"
            ],
            "version": "==0.6.3"
        },
        "tornado": {
            "hashes": [
                "sha256:11881db6b7c168494be2c2d12e65931451bdf7ee718535418ae1d8855dd5a0ee",
                "sha256:547d63f450d570c14fe0e8db2cfb14c9bbd1c2503b4a6612586267955aa47b58",
                "sha256:5d242290bdf7ab3151bc1065fdd75c0dcc21cbc7b49f22a4c56329c2d6566d22",
                "sha256:67832909c4779c64942380cb5f044a5c6163d00831472d80e25e115de9917836",
                "sha256:68a7468c7e289f8514d7d664101753903217eff1bb6822c6b5994a0b5f5bcb26",
                "sha256:7b94ff0e128fe0542f3bd331fb44d06260fc4ac16881545159f34ef08aad4195",
                "sha256:7e2360a0ffbe145eca8af0b19cb7203d79b1a98dd4cccdd6b368f6f49c2e3808",
                "sha256:9452e1b208a8bd771e2cb1f2ff564985b9b214bdebbe622793e1799e0a6bd23f",
                "sha256:9715b5eb79735b2bcd454ce216a9275b7c0470e64ea1bf5742f78b2f72b26eeb",
                "sha256:cc6aa787d7cfab7c3d35189dc7a56fbd2399a569624c730c6b55b3d6531d0403"
            ],
            "markers": "python_version >= '3.9'",
            "version": "==6.5.8"
        },
        "traitlets": {
            "hashes": [
                "sha256:ed900c2b631aa3a112811139fa97b8d2c3bad5e989656bba4b7e52c7852c18c1",
                "sha256:f775618166caa0396c8e337099240f2bd3e5e917d203b2e6fbe21a58d3cb1f6b"
            ],
            "markers": "python_version >= '3.10'",
            "version": "==5.16.1"
        },
        "typing-extensions": {
            "hashes": [
                "sha256:481caa481374e813c1b176ada14e97f1f67a4539ce9cfeb3f350d78d6370c2e8",
                "sha256:dc983d19a509c94dba722ee6abd33940f7c05a89e243c47e907eb4db6f1a43e5"
            ],
            "markers": "python_version >= '3.9'",
            "version": "==4.16.0"
        },
        "wcwidth": {
            "hashes": [
                "sha256:91fbef97204b96a3d4d421609b80340b760cf33e26da123ff243d76b1fda8dda",
                "sha256:d63947694a0539a1d51e01eda7caf800c291020e6cdd7e28ad7b14dd33ad4f85"
            ],
            "markers": "python_version >= '3.8'",
            "version": "==0.8.2"
        }
    }
}
